{
  "name": "user_webext",
  "lockfileVersion": 2,
  "requires": true,
  "packages": {
    "": {
      "dependencies": {
        "zenroom": "^2.2.0-b77c4de8"
      }
    },
    "node_modules/zenroom": {
      "version": "2.2.0-b77c4de8",
      "resolved": "https://registry.npmjs.org/zenroom/-/zenroom-2.2.0-b77c4de8.tgz",
      "integrity": "sha512-vhHgff1xBOXz64Wg7syXfW7cWRWHXQCsaj11RiZLgWuV+iwZDNlb6ftXx2mcWQeTigVcc6CIu5MB/oRaDW5lnA=="
    }
  },
  "dependencies": {
    "zenroom": {
      "version": "2.2.0-b77c4de8",
      "resolved": "https://registry.npmjs.org/zenroom/-/zenroom-2.2.0-b77c4de8.tgz",
      "integrity": "sha512-vhHgff1xBOXz64Wg7syXfW7cWRWHXQCsaj11RiZLgWuV+iwZDNlb6ftXx2mcWQeTigVcc6CIu5MB/oRaDW5lnA=="
    }
  }
}
